
Microsoft Visual Studio Solution File, Format Version 12.00
# Visual Studio Version 17
VisualStudioVersion = 17.6.33723.286
MinimumVisualStudioVersion = 10.0.40219.1
Project("{FAE04EC0-301F-11D3-BF4B-00C04F79EFBC}") = "BackEndNet", "BackEndNet.csproj", "{B2DEC811-997F-49F0-B700-208ACE949F7E}"
EndProject
Global
	GlobalSection(SolutionConfigurationPlatforms) = preSolution
		Debug|Any CPU = Debug|Any CPU
		Release|Any CPU = Release|Any CPU
	EndGlobalSection
	GlobalSection(ProjectConfigurationPlatforms) = postSolution
		{B2DEC811-997F-49F0-B700-208ACE949F7E}.Debug|Any CPU.ActiveCfg = Debug|Any CPU
		{B2DEC811-997F-49F0-B700-208ACE949F7E}.Debug|Any CPU.Build.0 = Debug|Any CPU
		{B2DEC811-997F-49F0-B700-208ACE949F7E}.Release|Any CPU.ActiveCfg = Release|Any CPU
		{B2DEC811-997F-49F0-B700-208ACE949F7E}.Release|Any CPU.Build.0 = Release|Any CPU
	EndGlobalSection
	GlobalSection(SolutionProperties) = preSolution
		HideSolutionNode = FALSE
	EndGlobalSection
	GlobalSection(ExtensibilityGlobals) = postSolution
		SolutionGuid = {C32866F0-70A9-46AD-993F-F41F890A6648}
	EndGlobalSection
EndGlobal
